
Microsoft Visual Studio Solution File, Format Version 12.00
# Visual Studio 15
VisualStudioVersion = 15.0.26730.12
MinimumVisualStudioVersion = 10.0.40219.1
Project("{FAE04EC0-301F-11D3-BF4B-00C04F79EFBC}") = "Airyscan", "Airyscan\Airyscan.csproj", "{8F24EE45-50DA-456B-BC4A-66FDC583C566}"
EndProject
Global
	GlobalSection(SolutionConfigurationPlatforms) = preSolution
		Debug|Any CPU = Debug|Any CPU
		Release|Any CPU = Release|Any CPU
	EndGlobalSection
	GlobalSection(ProjectConfigurationPlatforms) = postSolution
		{8F24EE45-50DA-456B-BC4A-66FDC583C566}.Debug|Any CPU.ActiveCfg = Debug|Any CPU
		{8F24EE45-50DA-456B-BC4A-66FDC583C566}.Debug|Any CPU.Build.0 = Debug|Any CPU
		{8F24EE45-50DA-456B-BC4A-66FDC583C566}.Release|Any CPU.ActiveCfg = Release|Any CPU
		{8F24EE45-50DA-456B-BC4A-66FDC583C566}.Release|Any CPU.Build.0 = Release|Any CPU
	EndGlobalSection
	GlobalSection(SolutionProperties) = preSolution
		HideSolutionNode = FALSE
	EndGlobalSection
	GlobalSection(ExtensibilityGlobals) = postSolution
		SolutionGuid = {DDF0055F-C44E-4299-A797-2F385916E2BC}
	EndGlobalSection
EndGlobal
